
Microsoft Visual Studio Solution File, Format Version 12.00
# Visual Studio Version 17
VisualStudioVersion = 17.9.34622.214
MinimumVisualStudioVersion = 10.0.40219.1
Project("{FAE04EC0-301F-11D3-BF4B-00C04F79EFBC}") = "PokemonApp", "PokemonApp\PokemonApp.csproj", "{E3F020C7-A1FF-4E22-AA3F-DA55745DE37C}"
EndProject
Global
	GlobalSection(SolutionConfigurationPlatforms) = preSolution
		Debug|Any CPU = Debug|Any CPU
		Release|Any CPU = Release|Any CPU
	EndGlobalSection
	GlobalSection(ProjectConfigurationPlatforms) = postSolution
		{E3F020C7-A1FF-4E22-AA3F-DA55745DE37C}.Debug|Any CPU.ActiveCfg = Debug|Any CPU
		{E3F020C7-A1FF-4E22-AA3F-DA55745DE37C}.Debug|Any CPU.Build.0 = Debug|Any CPU
		{E3F020C7-A1FF-4E22-AA3F-DA55745DE37C}.Release|Any CPU.ActiveCfg = Release|Any CPU
		{E3F020C7-A1FF-4E22-AA3F-DA55745DE37C}.Release|Any CPU.Build.0 = Release|Any CPU
	EndGlobalSection
	GlobalSection(SolutionProperties) = preSolution
		HideSolutionNode = FALSE
	EndGlobalSection
	GlobalSection(ExtensibilityGlobals) = postSolution
		SolutionGuid = {4E47FF64-EB95-4B32-9A3E-2AC9B6D6FAE3}
	EndGlobalSection
EndGlobal
